{
    "_meta": {
        "hash": {
            "sha256": "d8ce91534ea4fd1a3194bf88056a83eb96227d1bb455a920b3ee61eeb7c22989"
        },
        "pipfile-spec": 6,
        "requires": {
            "python_version": "3.12"
        },
        "sources": [
            {
                "name": "pypi",
                "url": "https://pypi.org/simple",
                "verify_ssl": true
            }
        ]
    },
    "default": {
        "asgiref": {
            "hashes": [
                "sha256:5f184dc43b7e763efe848065441eac62229c9f7b0475f41f80e207a114eda4ce",
                "sha256:e8667a091e69529631969fd45dc268fa79b99c92c5fcdda727757e52146ec133"
            ],
            "markers": "python_version >= '3.9'",
            "version": "==3.11.1"
        },
        "django": {
            "hashes": [
                "sha256:3a9fd52b8dbeae335ddf4a9dfa6c6a0853a1122f1fb071a8d5eca979f73a05c8",
                "sha256:7d29e14dfbc19cb6a95a4bd669edbde11f5d4c6a71fdaa42c2d40b6846e807f7"
            ],
            "index": "pypi",
            "markers": "python_version >= '3.10'",
            "version": "==5.0"
        },
        "django-browser-reload": {
            "hashes": [
                "sha256:0b2a86ab460774fa9bb142a121c70e75a72f18109f51a4f6de409cd633d3a70d",
                "sha256:3335ad3d107eb657f623d1a8e680dfbcab8a83ae1f94df1895e069dddf5604ba"
            ],
            "index": "pypi",
            "markers": "python_version >= '3.9'",
            "version": "==1.21.0"
        },
        "django-extensions": {
            "hashes": [
                "sha256:0699a7af28f2523bf8db309a80278519362cd4b6e1fd0a8cd4bf063e1e023336",
                "sha256:7b70a4d28e9b840f44694e3f7feb54f55d495f8b3fa6c5c0e5e12bcb2aa3cdeb"
            ],
            "index": "pypi",
            "markers": "python_version >= '3.9'",
            "version": "==4.1"
        },
        "django-htmx": {
            "hashes": [
                "sha256:036e5da801bfdf5f1ca815f21592cfb9f004a898f330c842f15e55c70e301a75",
                "sha256:13e1e13b87d39b57f95aae6e4987cb3df056d0b1373a41f4a94504a00298ffd8"
            ],
            "index": "pypi",
            "markers": "python_version >= '3.10'",
            "version": "==1.27.0"
        },
        "django-nested-admin": {
            "hashes": [
                "sha256:0222475cc343e7b8813d7a5db583cddef15f5c0f44dbe17b91b4d682db7bd73a",
                "sha256:ae3e1d910631e6cc3b5815d80129f18c6c081b7dd7f775bf392d9bb1ac88ef93"
            ],
            "index": "pypi",
            "markers": "python_version >= '3.6'",
            "version": "==4.1.6"
        },
        "django-tailwind": {
            "hashes": [
                "sha256:618314751e867e8871b1e06ed98c0b8beb762ac9b431f739647ad4d82ab8b125",
                "sha256:c4b40820663ac3932f6951b82b91e3773361a46d9bde972bc8a338eee3c5d045"
            ],
            "index": "pypi",
            "markers": "python_version >= '3.11'",
            "version": "==4.5.0"
        },
        "jinja2": {
            "hashes": [
                "sha256:0137fb05990d35f1275a587e9aee6d56da821fc83491a0fb838183be43f66d6d",
                "sha256:85ece4451f492d0c13c5dd7c13a64681a86afae63a5f347908daf103ce6d2f67"
            ],
            "markers": "python_version >= '3.7'",
            "version": "==3.1.6"
        },
        "jinjax": {
            "hashes": [
                "sha256:0cebd07dc4c6899b43447512cf23d4439f28ca005aa7ffb0cca0cb12376f9e28",
                "sha256:2fb5b141a3f38db01e268fb768f3a404355ff9934ae885efcfb764d576fd7cd2"
            ],
            "index": "pypi",
            "markers": "python_version >= '3.11' and python_version < '4'",
            "version": "==0.65"
        },
        "markupsafe": {
            "hashes": [
                "sha256:0303439a41979d9e74d18ff5e2dd8c43ed6c6001fd40e5bf2e43f7bd9bbc523f",
                "sha256:068f375c472b3e7acbe2d5318dea141359e6900156b5b2ba06a30b169086b91a",
                "sha256:0bf2a864d67e76e5c9a34dc26ec616a66b9888e25e7b9460e1c76d3293bd9dbf",
                "sha256:0db14f5dafddbb6d9208827849fad01f1a2609380add406671a26386cdf15a19",
                "sha256:0eb9ff8191e8498cca014656ae6b8d61f39da5f95b488805da4bb029cccbfbaf",
                "sha256:0f4b68347f8c5eab4a13419215bdfd7f8c9b19f2b25520968adfad23eb0ce60c",
                "sha256:1085e7fbddd3be5f89cc898938f42c0b3c711fdcb37d75221de2666af647c175",
                "sha256:116bb52f642a37c115f517494ea5feb03889e04df47eeff5b130b1808ce7c219",
                "sha256:12c63dfb4a98206f045aa9563db46507995f7ef6d83b2f68eda65c307c6829eb",
                "sha256:133a43e73a802c5562be9bbcd03d090aa5a1fe899db609c29e8c8d815c5f6de6",
                "sha256:1353ef0c1b138e1907ae78e2f6c63ff67501122006b0f9abad68fda5f4ffc6ab",
                "sha256:15d939a21d546304880945ca1ecb8a039db6b4dc49b2c5a400387cdae6a62e26",
                "sha256:177b5253b2834fe3678cb4a5f0059808258584c559193998be2601324fdeafb1",
                "sha256:1872df69a4de6aead3491198eaf13810b565bdbeec3ae2dc8780f14458ec73ce",
                "sha256:1b4b79e8ebf6b55351f0d91fe80f893b4743f104bff22e90697db1590e47a218",
                "sha256:1b52b4fb9df4eb9ae465f8d0c228a00624de2334f216f178a995ccdcf82c4634",
                "sha256:1ba88449deb3de88bd40044603fafffb7bc2b055d626a330323a9ed736661695",
                "sha256:1cc7ea17a6824959616c525620e387f6dd30fec8cb44f649e31712db02123dad",
                "sha256:218551f6df4868a8d527e3062d0fb968682fe92054e89978594c28e642c43a73",
                "sha256:26a5784ded40c9e318cfc2bdb30fe164bdb8665ded9cd64d500a34fb42067b1c",
                "sha256:2713baf880df847f2bece4230d4d094280f4e67b1e813eec43b4c0e144a34ffe",
                "sha256:2a15a08b17dd94c53a1da0438822d70ebcd13f8c3a95abe3a9ef9f11a94830aa",
                "sha256:2f981d352f04553a7171b8e44369f2af4055f888dfb147d55e42d29e29e74559",
                "sha256:32001d6a8fc98c8cb5c947787c5d08b0a50663d139f1305bac5885d98d9b40fa",
                "sha256:3524b778fe5cfb3452a09d31e7b5adefeea8c5be1d43c4f810ba09f2ceb29d37",
                "sha256:3537e01efc9d4dccdf77221fb1cb3b8e1a38d5428920e0657ce299b20324d758",
                "sha256:35add3b638a5d900e807944a078b51922212fb3dedb01633a8defc4b01a3c85f",
                "sha256:38664109c14ffc9e7437e86b4dceb442b0096dfe3541d7864d9cbe1da4cf36c8",
                "sha256:3a7e8ae81ae39e62a41ec302f972ba6ae23a5c5396c8e60113e9066ef893da0d",
                "sha256:3b562dd9e9ea93f13d53989d23a7e775fdfd1066c33494ff43f5418bc8c58a5c",
                "sha256:457a69a9577064c05a97c41f4e65148652db078a3a509039e64d3467b9e7ef97",
                "sha256:4bd4cd07944443f5a265608cc6aab442e4f74dff8088b0dfc8238647b8f6ae9a",
                "sha256:4e885a3d1efa2eadc93c894a21770e4bc67899e3543680313b09f139e149ab19",
                "sha256:4faffd047e07c38848ce017e8725090413cd80cbc23d86e55c587bf979e579c9",
                "sha256:509fa21c6deb7a7a273d629cf5ec029bc209d1a51178615ddf718f5918992ab9",
                "sha256:5678211cb9333a6468fb8d8be0305520aa073f50d17f089b5b4b477ea6e67fdc",
                "sha256:591ae9f2a647529ca990bc681daebdd52c8791ff06c2bfa05b65163e28102ef2",
                "sha256:5a7d5dc5140555cf21a6fefbdbf8723f06fcd2f63ef108f2854de715e4422cb4",
                "sha256:69c0b73548bc525c8cb9a251cddf1931d1db4d2258e9599c28c07ef3580ef354",
                "sha256:6b5420a1d9450023228968e7e6a9ce57f65d148ab56d2313fcd589eee96a7a50",
                "sha256:722695808f4b6457b320fdc131280796bdceb04ab50fe1795cd540799ebe1698",
                "sha256:729586769a26dbceff69f7a7dbbf59ab6572b99d94576a5592625d5b411576b9",
                "sha256:77f0643abe7495da77fb436f50f8dab76dbc6e5fd25d39589a0f1fe6548bfa2b",
                "sha256:795e7751525cae078558e679d646ae45574b47ed6e7771863fcc079a6171a0fc",
                "sha256:7be7b61bb172e1ed687f1754f8e7484f1c8019780f6f6b0786e76bb01c2ae115",
                "sha256:7c3fb7d25180895632e5d3148dbdc29ea38ccb7fd210aa27acbd1201a1902c6e",
                "sha256:7e68f88e5b8799aa49c85cd116c932a1ac15caaa3f5db09087854d218359e485",
                "sha256:83891d0e9fb81a825d9a6d61e3f07550ca70a076484292a70fde82c4b807286f",
                "sha256:8485f406a96febb5140bfeca44a73e3ce5116b2501ac54fe953e488fb1d03b12",
                "sha256:8709b08f4a89aa7586de0aadc8da56180242ee0ada3999749b183aa23df95025",
                "sha256:8f71bc33915be5186016f675cd83a1e08523649b0e33efdb898db577ef5bb009",
                "sha256:915c04ba3851909ce68ccc2b8e2cd691618c4dc4c4232fb7982bca3f41fd8c3d",
                "sha256:949b8d66bc381ee8b007cd945914c721d9aba8e27f71959d750a46f7c282b20b",
                "sha256:94c6f0bb423f739146aec64595853541634bde58b2135f27f61c1ffd1cd4d16a",
                "sha256:9a1abfdc021a164803f4d485104931fb8f8c1efd55bc6b748d2f5774e78b62c5",
                "sha256:9b79b7a16f7fedff2495d684f2b59b0457c3b493778c9eed31111be64d58279f",
                "sha256:a320721ab5a1aba0a233739394eb907f8c8da5c98c9181d1161e77a0c8e36f2d",
                "sha256:a4afe79fb3de0b7097d81da19090f4df4f8d3a2b3adaa8764138aac2e44f3af1",
                "sha256:ad2cf8aa28b8c020ab2fc8287b0f823d0a7d8630784c31e9ee5edea20f406287",
                "sha256:b8512a91625c9b3da6f127803b166b629725e68af71f8184ae7e7d54686a56d6",
                "sha256:bc51efed119bc9cfdf792cdeaa4d67e8f6fcccab66ed4bfdd6bde3e59bfcbb2f",
                "sha256:bdc919ead48f234740ad807933cdf545180bfbe9342c2bb451556db2ed958581",
                "sha256:bdd37121970bfd8be76c5fb069c7751683bdf373db1ed6c010162b2a130248ed",
                "sha256:be8813b57049a7dc738189df53d69395eba14fb99345e0a5994914a3864c8a4b",
                "sha256:c0c0b3ade1c0b13b936d7970b1d37a57acde9199dc2aecc4c336773e1d86049c",
                "sha256:c47a551199eb8eb2121d4f0f15ae0f923d31350ab9280078d1e5f12b249e0026",
                "sha256:c4ffb7ebf07cfe8931028e3e4c85f0357459a3f9f9490886198848f4fa002ec8",
                "sha256:ccfcd093f13f0f0b7fdd0f198b90053bf7b2f02a3927a30e63f3ccc9df56b676",
                "sha256:d2ee202e79d8ed691ceebae8e0486bd9a2cd4794cec4824e1c99b6f5009502f6",
                "sha256:d53197da72cc091b024dd97249dfc7794d6a56530370992a5e1a08983ad9230e",
                "sha256:d6dd0be5b5b189d31db7cda48b91d7e0a9795f31430b7f271219ab30f1d3ac9d",
                "sha256:d88b440e37a16e651bda4c7c2b930eb586fd15ca7406cb39e211fcff3bf3017d",
                "sha256:de8a88e63464af587c950061a5e6a67d3632e36df62b986892331d4620a35c01",
                "sha256:df2449253ef108a379b8b5d6b43f4b1a8e81a061d6537becd5582fba5f9196d7",
                "sha256:e1c1493fb6e50ab01d20a22826e57520f1284df32f2d8601fdd90b6304601419",
                "sha256:e1cf1972137e83c5d4c136c43ced9ac51d0e124706ee1c8aa8532c1287fa8795",
                "sha256:e2103a929dfa2fcaf9bb4e7c091983a49c9ac3b19c9061b6d5427dd7d14d81a1",
                "sha256:e56b7d45a839a697b5eb268c82a71bd8c7f6c94d6fd50c3d577fa39a9f1409f5",
                "sha256:e8afc3f2ccfa24215f8cb28dcf43f0113ac3c37c2f0f0806d8c70e4228c5cf4d",
                "sha256:e8fc20152abba6b83724d7ff268c249fa196d8259ff481f3b1476383f8f24e42",
                "sha256:eaa9599de571d72e2daf60164784109f19978b327a3910d3e9de8c97b5b70cfe",
                "sha256:ec15a59cf5af7be74194f7ab02d0f59a62bdcf1a537677ce67a2537c9b87fcda",
                "sha256:f190daf01f13c72eac4efd5c430a8de82489d9cff23c364c3ea822545032993e",
                "sha256:f34c41761022dd093b4b6896d4810782ffbabe30f2d443ff5f083e0cbbb8c737",
                "sha256:f3e98bb3798ead92273dc0e5fd0f31ade220f59a266ffd8a4f6065e0a3ce0523",
                "sha256:f42d0984e947b8adf7dd6dde396e720934d12c506ce84eea8476409563607591",
                "sha256:f71a396b3bf33ecaa1626c255855702aca4d3d9fea5e051b41ac59a9c1c41edc",
                "sha256:f9e130248f4462aaa8e2552d547f36ddadbeaa573879158d721bbd33dfe4743a",
                "sha256:fed51ac40f757d41b7c48425901843666a6677e3e8eb0abcff09e4ba6e664f50"
            ],
            "markers": "python_version >= '3.9'",
            "version": "==3.0.3"
        },
        "psycopg2": {
            "hashes": [
                "sha256:09826a6b89714626a662275d03f21639f1c68d183e2dcc9ba134d463a3da753e",
                "sha256:1dedb1c7a1d8552c4a6044c6b1c41a52e6a8e2d144af83eccac758076b1b7c15",
                "sha256:2532c0cdc6ad18c9c35cd935cc3159712e14f05276a6d29a6435c52d24b840c1",
                "sha256:3d23e684927d37b95cee9a943f6927b04ae2fdcd056fd0e2a30929ee89fee5a9",
                "sha256:83d48e66e18c301d832e93c984a7bcbc0f4ac3bb79e2137e3bc335978c756dc0",
                "sha256:a73d5513bfe929c56555006c7a9cc7ae6e4276aa99dd2b1e2544eb8bb54f8b23",
                "sha256:d5fbe092315fb007c03544704e6d1e678a6c0378139d01cea433dc59edf041b4"
            ],
            "index": "pypi",
            "markers": "python_version >= '3.9'",
            "version": "==2.9.12"
        },
        "pytailwindcss": {
            "hashes": [
                "sha256:31583c5bb7fac66c6e6535992e51630e36788cf6e569f4d294e98962fa034535",
                "sha256:e83c65985f078ff91500f74bca595f615e54059d5afc90b233382e118b509b4d"
            ],
            "markers": "python_version >= '3.11'",
            "version": "==0.3.1"
        },
        "python-monkey-business": {
            "hashes": [
                "sha256:15b4f603c749ba9a7b4f1acd36af023a6c5ba0f7e591c945f8253f0ef44bf389",
                "sha256:8393839cc741415ed5ddc2bd58e2d4ce07f966a7d26b7aebff19dcec64818edc"
            ],
            "version": "==1.1.0"
        },
        "sqlparse": {
            "hashes": [
                "sha256:12a08b3bf3eec877c519589833aed092e2444e68240a3577e8e26148acc7b1ba",
                "sha256:e20d4a9b0b8585fdf63b10d30066c7c94c5d7a7ec47c889a2d83a3caa93ff28e"
            ],
            "markers": "python_version >= '3.8'",
            "version": "==0.5.5"
        }
    },
    "develop": {
        "click": {
            "hashes": [
                "sha256:9a6cea6e60b17ebe0a44c5cc636d94f09bd66142c1cd7d8b4cd731c4917a15f6",
                "sha256:e6f9f66136c816745b9d65817da91d61d957fb16e02e4dcd0552553c5a197b76"
            ],
            "markers": "python_version >= '3.10'",
            "version": "==8.4.2"
        },
        "cssbeautifier": {
            "hashes": [
                "sha256:14650d9c8a47adcb80a7697a866a3921fe0332ef74a92e1039d09086aa0c5001",
                "sha256:2c2fd129342561029de86b1744efa231c9fafe26023dbc988a1deb0ca0f5c845"
            ],
            "version": "==2.0.3"
        },
        "djlint": {
            "hashes": [
                "sha256:005a90d796bb221f39bc55d9af179f5568b94eb4e29d2c1415f27cddc2f9f601",
                "sha256:0811d0be52409ca534559456049dea94268e10d92b190e7424626d022c866cd2",
                "sha256:16953ce4921a1887a38fd67dbed04eaeaf11d9e51af6bacd72fcfbaa2e1f994d",
                "sha256:20d7e6b772d50d197b58ffc65e89adba27b12569759dbf3dd73d0a05954ee4a3",
                "sha256:243f6d1f8243191cd9d6886371b7cb16f2fd46aa450b8501c13dcbe147eaf70a",
                "sha256:3097d3c02ed38776e30124b0ba775a6f232f147ba052d2206d1df09e666068be",
                "sha256:318bf26c07a4772e63f176fa50c0979fd3edd4e922714c7f51c662a1965251fa",
                "sha256:3656d601e6abb5111422bed75fc68c5fca3c6b709751601a8530d88309150845",
                "sha256:3707329f3bedf0ff888d2a425113999a2be9121209023c8490bcd895157afca0",
                "sha256:39f7227e658d665f682932decaeed39440c844bce8f4ec2a12b790fd8f053079",
                "sha256:3c2cf3e75df64c2e048c05afb70310dbd00caa8fd2656d21453169991af1826b",
                "sha256:400234f1c9a9e039b5300079e0cc83dde059d0c0262e57fa7da03adecff30446",
                "sha256:41e7b9edfdb0c3a590efcbf907d747f650ac62fd93bc22fb1f0c948d81e239e7",
                "sha256:451868d1009f6e84f8688c6b0788e1bb144fc89b16971e507f3e47f2cbb95e4f",
                "sha256:4dedd0ae45b391266cbf03228e275e7d891d8243b79326b716f7570957e978b9",
                "sha256:56035834d06a0843f806eaa31fcc0f9ecea006ffaf2710320d95779d650f7b5d",
                "sha256:589db14e133bf4fec3441e3929cd97ae858e4c93a98bb974a980e71fa1924f73",
                "sha256:5cf5a6a9f8b9308c7ca70ff1ef1e2afaf103d67869ef3d96b3eea81c10d399a7",
                "sha256:5e12dfac6257d8f3643aa4657a8fbbaeb0b8b8ad53da4ca85354133fd3465d1a",
                "sha256:65038263ba46dd1a1ac93e7e2321da17a704aa26053a5a1b051dc97aa554e231",
                "sha256:71cfaab35b110e0cea5ab64511bd8b7dff70dcacb4ef60ca8fca9342369aaa14",
                "sha256:76949030ddfe7334bcde9bcb022133c5d7bb7d292ea7717fc8df425bad4b41c3",
                "sha256:7932fd45f9c2287c43863ee599fb7d0967f2e7da42048218beb0d3ee8389b6bf",
                "sha256:7c4bbc5c4dc8aa341fd5acfd5aa7761d9a2a04ca84e5c65cc99630569c29e26b",
                "sha256:7f4f4ab65833c3388d9f0f6a7ac999910b4b3803e9b7f5a6272f19adbae0688f",
                "sha256:85d6258ddb3a946d47de3c465bf0e2450dea0fa9d8ec9865dc38ada3ef37fc63",
                "sha256:861862b36413fcf118253d635774d7642d6930e3ef4f99a7a520787244c6dc1b",
                "sha256:87146c00f2504a55685698e0e8d807a9b221f521ce51e57ed85e15a66b69dc27",
                "sha256:872fec9e9c52a71951eea86a92fe49b992e69fa7d9a8acd836b9a6d7086b091b",
                "sha256:87a5820eddd5f181727ca3cac8344672561f2970998fde9ccdd4e83252cba861",
                "sha256:8805a3297f8c5007338caf01bae581537612001bf319cc2a126c09b4b8b985b0",
                "sha256:8c9fc0260700bcece0260fb39d20ee13d72444ca5870afb7d0f2dd64aa5fb4f2",
                "sha256:8ce6f337c431482194fca840851620bd06afb38869c6874cb37bdba016b54f70",
                "sha256:905ee352144607e30be8fcf30eeb24c3b4c364f3591d79a4a0dd010597f0ee2b",
                "sha256:9420dedc6806c952d09ed5841b89ac81322efb8e80678e7080339c67a9c59530",
                "sha256:959b04182fe8bcc3bf7d30489a74aa16e5b4261896ceb4093139136eda4464b8",
                "sha256:9cc499a61c68bb8f6ee4dc06167bbb151fc236476f18d0630a7252ba50ddc8ef",
                "sha256:9f18d1d39d457d0c1693ee790b201a024bebef4017b61864a473a7f64bfa1470",
                "sha256:a68b5a346d5d5c06436c0a3122399cb6b04debc93a4b67565be907e99446ca3a",
                "sha256:a6c147553d5f9769a83a135d5915bc5d22e05f212c11e153761a3c3977e19b6d",
                "sha256:ab07b7cdd03b1b20f233d5e3446131e4d651f0eaa88e03c7b8952833bd402b41",
                "sha256:b04bd2145d1072900fe0e891fd7125ceda0688da5fc9fa98a76e4a19be220f1d",
                "sha256:b67b308e6c97bad51a70ec9424a8e8bcaf8fe2acfba76390aef03d57330759de",
                "sha256:bd6f97f22a089464d76fcecf72a7796e1a0b3eb552eb154b9a0aafc894528c22",
                "sha256:c4a3e2a4ed25e179aa9fc99d907dc17b26af33b0b31a54351bf1cc17ba57d746",
                "sha256:c6652630461fbd458ff3708ee2a89ce992f65fc13cbd4f1066afc7baa1b32b8f",
                "sha256:c73e728e8b99d04eebf80a14c54130030a68d8723c8968870437b4a6e360d4c1",
                "sha256:cbab944cd2e615a54be76dbaccbb86047cc10b68613acf7e181716e6a6ab9769",
                "sha256:cc7f533fef2d13ef208009e67346e2566be685fa2758b51f66a423c7dc42fff1",
                "sha256:d06097e5a8687d154872ac57d5946640fdf1ee5f24fe942687d214a13e43e99a",
                "sha256:d60a7493c0c5fb2f5a94e69208352e02ae9fe5f9a62cc47488234cd56b374a08",
                "sha256:dc960f85ff848bd31d9670cd7ab6c7a9dd1adfe2d988674915be5e8920b8bf2b",
                "sha256:ddab4dbad5a0e7fd008b3831b9cc2861896f565e1727c68053279737e85d8224",
                "sha256:e965f10fddac29a52fa21677d7e1d00e0880ad97febfc2aaa8476ffbade93814",
                "sha256:f1cd31f87b721081100f9b234c97e2e41b5d6c235d40843e576085eecaad4cbf",
                "sha256:f83d3636f334a32e25f828a2abfb68913954826109242d536498e73360c66f70"
            ],
            "index": "pypi",
            "markers": "python_version >= '3.10'",
            "version": "==1.40.4"
        },
        "editorconfig": {
            "hashes": [
                "sha256:1eda9c2c0db8c16dbd50111b710572a5e6de934e39772de1959d41f64fc17c82",
                "sha256:23c08b00e8e08cc3adcddb825251c497478df1dada6aefeb01e626ad37303745"
            ],
            "markers": "python_version >= '3.9'",
            "version": "==0.17.1"
        },
        "jsbeautifier": {
            "hashes": [
                "sha256:9579d4e9dbaa00383f3efdff4c98c8140bb85ba319398e8b97cdaba27abd6ba3",
                "sha256:f0190e279a2cdb827556ada63f41c9c63c11f8116ee06e264b24aa50311cbee3"
            ],
            "version": "==2.0.3"
        },
        "json5": {
            "hashes": [
                "sha256:56636a30c0e8a4665fe2179c0212f32eae3796dea89ea6f649b9436ecdb39618",
                "sha256:7424d1f1eb1d56da6e3d70643f53619862b4ce81440bdb8ecfd6f875e5ba4a71"
            ],
            "markers": "python_full_version >= '3.8.0'",
            "version": "==0.15.0"
        },
        "pathspec": {
            "hashes": [
                "sha256:17db5ecd524104a120e173814c90367a96a98d07c45b2e10c2f3919fff91bf5a",
                "sha256:a00ce642f577bf7f473932318056212bc4f8bfdf53128c78bbd5af0b9b20b189"
            ],
            "markers": "python_version >= '3.9'",
            "version": "==1.1.1"
        },
        "pyyaml": {
            "hashes": [
                "sha256:00c4bdeba853cc34e7dd471f16b4114f4162dc03e6b7afcc2128711f0eca823c",
                "sha256:0150219816b6a1fa26fb4699fb7daa9caf09eb1999f3b70fb6e786805e80375a",
                "sha256:02893d100e99e03eda1c8fd5c441d8c60103fd175728e23e431db1b589cf5ab3",
                "sha256:02ea2dfa234451bbb8772601d7b8e426c2bfa197136796224e50e35a78777956",
                "sha256:0f29edc409a6392443abf94b9cf89ce99889a1dd5376d94316ae5145dfedd5d6",
                "sha256:10892704fc220243f5305762e276552a0395f7beb4dbf9b14ec8fd43b57f126c",
                "sha256:16249ee61e95f858e83976573de0f5b2893b3677ba71c9dd36b9cf8be9ac6d65",
                "sha256:1d37d57ad971609cf3c53ba6a7e365e40660e3be0e5175fa9f2365a379d6095a",
                "sha256:1ebe39cb5fc479422b83de611d14e2c0d3bb2a18bbcb01f229ab3cfbd8fee7a0",
                "sha256:214ed4befebe12df36bcc8bc2b64b396ca31be9304b8f59e25c11cf94a4c033b",
                "sha256:2283a07e2c21a2aa78d9c4442724ec1eb15f5e42a723b99cb3d822d48f5f7ad1",
                "sha256:22ba7cfcad58ef3ecddc7ed1db3409af68d023b7f940da23c6c2a1890976eda6",
                "sha256:27c0abcb4a5dac13684a37f76e701e054692a9b2d3064b70f5e4eb54810553d7",
                "sha256:28c8d926f98f432f88adc23edf2e6d4921ac26fb084b028c733d01868d19007e",
                "sha256:2e71d11abed7344e42a8849600193d15b6def118602c4c176f748e4583246007",
                "sha256:34d5fcd24b8445fadc33f9cf348c1047101756fd760b4dacb5c3e99755703310",
                "sha256:37503bfbfc9d2c40b344d06b2199cf0e96e97957ab1c1b546fd4f87e53e5d3e4",
                "sha256:3c5677e12444c15717b902a5798264fa7909e41153cdf9ef7ad571b704a63dd9",
                "sha256:3ff07ec89bae51176c0549bc4c63aa6202991da2d9a6129d7aef7f1407d3f295",
                "sha256:41715c910c881bc081f1e8872880d3c650acf13dfa8214bad49ed4cede7c34ea",
                "sha256:418cf3f2111bc80e0933b2cd8cd04f286338bb88bdc7bc8e6dd775ebde60b5e0",
                "sha256:44edc647873928551a01e7a563d7452ccdebee747728c1080d881d68af7b997e",
                "sha256:4a2e8cebe2ff6ab7d1050ecd59c25d4c8bd7e6f400f5f82b96557ac0abafd0ac",
                "sha256:4ad1906908f2f5ae4e5a8ddfce73c320c2a1429ec52eafd27138b7f1cbe341c9",
                "sha256:501a031947e3a9025ed4405a168e6ef5ae3126c59f90ce0cd6f2bfc477be31b7",
                "sha256:5190d403f121660ce8d1d2c1bb2ef1bd05b5f68533fc5c2ea899bd15f4399b35",
                "sha256:5498cd1645aa724a7c71c8f378eb29ebe23da2fc0d7a08071d89469bf1d2defb",
                "sha256:5cf4e27da7e3fbed4d6c3d8e797387aaad68102272f8f9752883bc32d61cb87b",
                "sha256:5e0b74767e5f8c593e8c9b5912019159ed0533c70051e9cce3e8b6aa699fcd69",
                "sha256:5ed875a24292240029e4483f9d4a4b8a1ae08843b9c54f43fcc11e404532a8a5",
                "sha256:5fcd34e47f6e0b794d17de1b4ff496c00986e1c83f7ab2fb8fcfe9616ff7477b",
                "sha256:5fdec68f91a0c6739b380c83b951e2c72ac0197ace422360e6d5a959d8d97b2c",
                "sha256:6344df0d5755a2c9a276d4473ae6b90647e216ab4757f8426893b5dd2ac3f369",
                "sha256:64386e5e707d03a7e172c0701abfb7e10f0fb753ee1d773128192742712a98fd",
                "sha256:652cb6edd41e718550aad172851962662ff2681490a8a711af6a4d288dd96824",
                "sha256:66291b10affd76d76f54fad28e22e51719ef9ba22b29e1d7d03d6777a9174198",
                "sha256:66e1674c3ef6f541c35191caae2d429b967b99e02040f5ba928632d9a7f0f065",
                "sha256:6adc77889b628398debc7b65c073bcb99c4a0237b248cacaf3fe8a557563ef6c",
                "sha256:79005a0d97d5ddabfeeea4cf676af11e647e41d81c9a7722a193022accdb6b7c",
                "sha256:7c6610def4f163542a622a73fb39f534f8c101d690126992300bf3207eab9764",
                "sha256:7f047e29dcae44602496db43be01ad42fc6f1cc0d8cd6c83d342306c32270196",
                "sha256:8098f252adfa6c80ab48096053f512f2321f0b998f98150cea9bd23d83e1467b",
                "sha256:850774a7879607d3a6f50d36d04f00ee69e7fc816450e5f7e58d7f17f1ae5c00",
                "sha256:8d1fab6bb153a416f9aeb4b8763bc0f22a5586065f86f7664fc23339fc1c1fac",
                "sha256:8da9669d359f02c0b91ccc01cac4a67f16afec0dac22c2ad09f46bee0697eba8",
                "sha256:8dc52c23056b9ddd46818a57b78404882310fb473d63f17b07d5c40421e47f8e",
                "sha256:9149cad251584d5fb4981be1ecde53a1ca46c891a79788c0df828d2f166bda28",
                "sha256:93dda82c9c22deb0a405ea4dc5f2d0cda384168e466364dec6255b293923b2f3",
                "sha256:96b533f0e99f6579b3d4d4995707cf36df9100d67e0c8303a0c55b27b5f99bc5",
                "sha256:9c57bb8c96f6d1808c030b1687b9b5fb476abaa47f0db9c0101f5e9f394e97f4",
                "sha256:9c7708761fccb9397fe64bbc0395abcae8c4bf7b0eac081e12b809bf47700d0b",
                "sha256:9f3bfb4965eb874431221a3ff3fdcddc7e74e3b07799e0e84ca4a0f867d449bf",
                "sha256:a33284e20b78bd4a18c8c2282d549d10bc8408a2a7ff57653c0cf0b9be0afce5",
                "sha256:a80cb027f6b349846a3bf6d73b5e95e782175e52f22108cfa17876aaeff93702",
                "sha256:b30236e45cf30d2b8e7b3e85881719e98507abed1011bf463a8fa23e9c3e98a8",
                "sha256:b3bc83488de33889877a0f2543ade9f70c67d66d9ebb4ac959502e12de895788",
                "sha256:b865addae83924361678b652338317d1bd7e79b1f4596f96b96c77a5a34b34da",
                "sha256:b8bb0864c5a28024fac8a632c443c87c5aa6f215c0b126c449ae1a150412f31d",
                "sha256:ba1cc08a7ccde2d2ec775841541641e4548226580ab850948cbfda66a1befcdc",
                "sha256:bdb2c67c6c1390b63c6ff89f210c8fd09d9a1217a465701eac7316313c915e4c",
                "sha256:c1ff362665ae507275af2853520967820d9124984e0f7466736aea23d8611fba",
                "sha256:c2514fceb77bc5e7a2f7adfaa1feb2fb311607c9cb518dbc378688ec73d8292f",
                "sha256:c3355370a2c156cffb25e876646f149d5d68f5e0a3ce86a5084dd0b64a994917",
                "sha256:c458b6d084f9b935061bc36216e8a69a7e293a2f1e68bf956dcd9e6cbcd143f5",
                "sha256:d0eae10f8159e8fdad514efdc92d74fd8d682c933a6dd088030f3834bc8e6b26",
                "sha256:d76623373421df22fb4cf8817020cbb7ef15c725b9d5e45f17e189bfc384190f",
                "sha256:ebc55a14a21cb14062aa4162f906cd962b28e2e9ea38f9b4391244cd8de4ae0b",
                "sha256:eda16858a3cab07b80edaf74336ece1f986ba330fdb8ee0d6c0d68fe82bc96be",
                "sha256:ee2922902c45ae8ccada2c5b501ab86c36525b883eff4255313a253a3160861c",
                "sha256:efd7b85f94a6f21e4932043973a7ba2613b059c4a000551892ac9f1d11f5baf3",
                "sha256:f7057c9a337546edc7973c0d3ba84ddcdf0daa14533c2065749c9075001090e6",
                "sha256:fa160448684b4e94d80416c0fa4aac48967a969efe22931448d853ada8baf926",
                "sha256:fc09d0aa354569bc501d4e787133afc08552722d3ab34836a80547331bb5d4a0"
            ],
            "markers": "python_version >= '3.8'",
            "version": "==6.0.3"
        },
        "regex": {
            "hashes": [
                "sha256:03376d60b6a11aecb88a79fa2be06b40faa01c6693bc31ef69435cd4818b9463",
                "sha256:0ab0d5344311fc8e8667078942056c3b9c9b4a4b1cc99f2eb8a5af54554f4acc",
                "sha256:0c31665c0deb5c111557a1cac8c27bd5629e2f9e7fd5058900a03576c33b601c",
                "sha256:0e6cb5a61486f9062397d2e189573b39d38ecfaed698fd9fb6e2756a8ebb8762",
                "sha256:0f09f62e450cc2f113018cc8412aeea3a120a04e1ca7e801a0d441583f9a3b06",
                "sha256:11251768cc23f097dd61b18f67966e70f74da822784d17e12a444eb6b29d4288",
                "sha256:1484bdd6fba28422df9b5ebb04055b2e1b680e8e4f08490bb21ff0f3cc50d0ab",
                "sha256:17c077586770f67e05bbffeba07fbee6b2b22244f4d4caf8d94e59d574befe04",
                "sha256:17eddca4e8ea9af0b5739314776cdf0172a49731ab61f2e1ea66e066ddd46c97",
                "sha256:189dbf9fc4252d9f1352bf4bd1bef885edb6cc4b7341df202a65f821aaa3891c",
                "sha256:1e164ace4dbab5c6ad4a4ac7c41a2638fe226d0c770a86f2eb041f594bac6ee7",
                "sha256:1e693940a3b9e6d6e4dc2a54ecaa74b74934f77af1ef95f518a74261ef7cc1bc",
                "sha256:2097591101d70bcc108af64c46f6066bb698ee067fec5f75beac0be317639311",
                "sha256:20f4d87702702aa1d572721e146f301660c50eef6fd6cb596e48a22b0ace17db",
                "sha256:234a51e20ebc18ab83b2c0600cf28f2e884560a0e00f743878f0b7d8e7c4cf03",
                "sha256:23f7e0cc60c72486b42a685f1ff4eec90d50d4fb05e4f9c7d5363b03aa02600d",
                "sha256:28f9e6c28f9b90f6f784595a33240a57e181e61b6ee3dc259b25c61e356d1aa3",
                "sha256:2e27727fba075f1e4409416d2f537d4c30fc11f012ea507f7bd74d3e19ecb57a",
                "sha256:3169a3159e4d99d9ae85ff0ed90ef3b8906cc3152653b6078b842ace6c8f72c3",
                "sha256:31d7538a614b5842bf53ce329d07b43f97754ca7e6db8d69f347e071bce1c953",
                "sha256:3527a72adcbe9e3600f1553b497d397c1a371d227580d41d96c3c5964109b65c",
                "sha256:37294d3d7ddb64c7e89184b2894e0f8f0a19c514bc59513d71fe692c3a8d5fc6",
                "sha256:378a71d861fc7c8806b04ac5b133d53c0e774f92f5d9663a539872d3fa2b0417",
                "sha256:3bd630a8dba06b55254ea5ee862194edab52ec783100d2ef1cd15a9c512fee27",
                "sha256:3c60b297292e7e1ef5d02a4759f9e452ee4c8bb95e168d8fd0b5db01bd806f9f",
                "sha256:3cb4b6c5cb3060cc31efdc1fbb27c25fb9b29044afd87e40601a1c4d9db54342",
                "sha256:3f15020f0b69cafe57baa067ff65b29acef68ff6b1670a53bef1ca11d708e02d",
                "sha256:3f6316f258bc7e6c9c2acbe9954947bbd397a81be3742a637a555f1855d6618d",
                "sha256:40455e6840dc4e96a6fe50f4cedc957de2752c954d91e789812be55d49be199a",
                "sha256:418208ea0af51cfed4f46eb9b1ea7cfc990ca284f0084ecbd951460fb089421e",
                "sha256:4303ebe16b74eeb3fe2715745023266fea92fd44a23f3e7bb2fb48c7a7bbc195",
                "sha256:43248fe4c0ab8fbb223588a0795b11268940072c97bba30ea8f9b49d8cdfde34",
                "sha256:4cc199874ecd6267a49b111052250825bfe19b5101b23b2ba80f54efa3e0994e",
                "sha256:4d80c798b0eec6ea3d45f8816a1e8886c5664615d347d89e8c075b576a1b5a5d",
                "sha256:4da6f6a72f8700b97a1a765e837fb7d5750bfd9f13acea7bae498f573e3a70a8",
                "sha256:4dfd1331c49233998d84fc5f1f4436cf7a435a7655f6cf0f490229bb5c7254e5",
                "sha256:51e952c8783eabd4706d0f63922f219bcfc1bef9b8cb35941c0d1a0396578858",
                "sha256:530b5c223b9ca5dd8370ac502e080aee0e4ded32be987c6564b425fb5523d581",
                "sha256:56b856b70b96c381d837f609eee442a1bd320cd2159f5c294b679552fb1a7eaf",
                "sha256:56f05194c4843957dd8b3af87eb0c52d8cf0509e7f18e172d727f5f8ff840646",
                "sha256:5977295b0a74e8241df8a4b3b27b12412a831f6fa32ee8b755039592cd768c3d",
                "sha256:5f2c1682b67ad5d2376498f2a5a2a8f782fa2e4a06d0465b5e357799806e8a20",
                "sha256:64e142eb55e84868087da1375d7c36ff97d55010951849f515322a91d5fef1b4",
                "sha256:695873e0ea8d3815ea9e92e2c68faf039cc450e2c0a62a31afe2049eb11be767",
                "sha256:697f103104f5872d64078d8eeac59979960be8ee76115a2d3f31096312e2a400",
                "sha256:6bf295f2c59de77d1ea7de053607ae4dc9ceb3d57bbb6c7ec51ef4acc4ccff94",
                "sha256:6de82c268e5d101ee9e3ffd869924aa9a371e3a21e752cf4fa17b6ce50d219f7",
                "sha256:700fc6a7844bb2c4149292ac79d1df8841a00acd4d45cd32c1ebc7bcc1fd0da8",
                "sha256:70710927033af3b54369f17aaba1343b97a23d0b1aa994fa1512b08b1b8c136a",
                "sha256:714d2b1aa29beef0ddfcdc72ad0771c05326551a8bb0680b0ddf74bfaad87387",
                "sha256:731ea12d5aeb2577eaef2393d6428b995f76eb35f68a89e03e15a97719d1de19",
                "sha256:7635fa2cddb917a6bbfac7890602573d2d8c4e470703b0640e6f86a988817ec3",
                "sha256:76493755f79a88d5ed2c9e63a41d3c05997e0a7ffbe76ed8c4ded8be35b8b14c",
                "sha256:7b15c437bc4604f03ceb3f8d37eae2f8930e320e1bc556b259848c639d9eec1a",
                "sha256:7bb96c13d6cf5880d31bbef84ca701a64d738aa491c2b79975cc33f8ad00a31e",
                "sha256:80c7adf1ef647f6b1e8aa2ca280e517174cd08bdf7a2e412cdfb68bd6a0917cb",
                "sha256:81cc5793ad33a10444445e8d29d3c73e752c8fb2e120772d70fcb6d41df40fe1",
                "sha256:8b92366d9c8bba9642989534073662abdd9b41faf7603a7ae71597833f3b88f0",
                "sha256:8e0ed273ecd1a89be84466c1749bfe58609cc2a32b5d5e05006c4625ba96411b",
                "sha256:8e2fae6bb883648346f84db270dc9aafc29d8e895f62b88a75ccc83b09519820",
                "sha256:90581684565a93f7258af1e5d3f41ef20d7d7c61f2a428183a342bcb65485e38",
                "sha256:9277a4c6503390aa39cb4483b87ec0384faee0850a23b5cea33d008b5d8d83f1",
                "sha256:94f06cdcd6421f8e194ad312ea608020381250df9b8a57661c1b57e9e5273878",
                "sha256:9c26a47770d30a0f85c01e261d2a3ebc342c4af6fd666dbd8c1fe4cbf3adf726",
                "sha256:9cfcd4b0bdcf768c498415c170d1ed2a25a99bf0b65fa253bbd02f68ceba6475",
                "sha256:a043f5770e82283a22aed4cefef1a4e0f9dd8fd7184cb6ce0ad2e579e2134a9e",
                "sha256:a361feeaf1b6ba1df060f2ff5c5947092edf537a35ce78e76387ac56d3e0f4a4",
                "sha256:a644f6408692812f5ead82519eed680e08d5d546fddbd9f7d9514e3c73899aa5",
                "sha256:a71b51dd08b9b62f055fafab3dee8af8bd2ec81b373a44caef18d6c5ca28f43a",
                "sha256:a7cf03c87f7b9cbc25a8894cf9be83818406677b6b391b003ec7c884923387b5",
                "sha256:aa084684e6d2078bf6139e374d1fc2af5ddc1ac7122759a2db716d68169f6fd0",
                "sha256:abb4daabe7be63273787a62dfd6164dadf8f7a63fbec3d2730e5e5e7126d858c",
                "sha256:ad5c67786145ec28a71a267d9f9d92bdc8d70d65541eea852c253f520a01f918",
                "sha256:ad73ecf20c1ef5c975639f8bf845a9370fcf7dada7edc1e3b0bca20e2f8202f6",
                "sha256:b15859e3908544fb99cf47341dcf0bfd089147d258c4c4d8a29e5b087f8085cb",
                "sha256:b295a83426e0e44e9e60fde99789e181bd26788a1890ae7fe2a24c69bb6246ca",
                "sha256:b77207e3cee13086f1906a6a2a12b41244c577e8ad9370d4b35ae1d548d354f3",
                "sha256:b83932645630965fd860fdb70ebbf964bf3e8007f08851ea424d01f8d35454a8",
                "sha256:b916a10431494ef4b4d62c6c89cab6426af7873125b8cd6c15811bf5fc58eec8",
                "sha256:bf54bc693fc4e0530e666ba5ec4bcba14dbe8f66b7cfc15c27317d1a6e40b9a5",
                "sha256:bfc9677982c914d9085b8e1c3b3ae6e88f139fb56531c2416d6c8f338093c22b",
                "sha256:c0013958f427bd82509a186b9ff206d66cb8d60a81fc797a4c717afd18c5b0ba",
                "sha256:c10f2c5a55ab3dd8318d8ad5f11b530e2691c0edebebde7713066f484902c3fb",
                "sha256:c4ac65f3e3a99fd8f3a4a74e7a6610acd1ce9dfe9b8a03d346a4922380d68aeb",
                "sha256:c6e6f790d01380a74ad564f216c533b86504afb61bf66f2b2e11e7f1a3e287a7",
                "sha256:c91487a917edd48a1ea646fdf60d7936d304f0e686fa7ea8326e47efca51d816",
                "sha256:cadea12805a1bce0b091c302b814207be26fb60a9c0e7f9ad2f9e21790a429fe",
                "sha256:cc579c91fb4605773483a8d940b136bcc5b854fff44fa14a1572a038f46563f1",
                "sha256:d98b639046e51c5de64d9f77351532105e99ca271cb6f7640e1f903d6ab63032",
                "sha256:debe623e09cee97ef9404575e936c610aac9bb08358c5099aaef14644a6871f2",
                "sha256:e128feaf65bf3d9eb91bec92322a8f7e4835e9c798f3e9ea4b69f4def85620e3",
                "sha256:e18225243250a1f7d7e5e5d883f3b96465cd79031acf5c6db902b7025f2125d9",
                "sha256:e4466b8641e00c697aab5a73150150d2b2ea96b131c595691f42031abafd9f4d",
                "sha256:e5efbc1af38f97e300d43028e5a92e752d924bcfb7f465d8669d5d5a6e78c233",
                "sha256:e7c42be203d84ecf7d487ff23f8a61ef0eb0534fa0fc317a2fce8c065d20618f",
                "sha256:e8184b4e2fdaf9cdfe77e38f15a4d9dc149168c9c29eb0ea17c5481d3bb80546",
                "sha256:e81f1952355042e517dc9861ce65c676e4a098f42402993c40461786d1f794d4",
                "sha256:e86e91a2664f44c3a4e363a7d78fb17c27d5046882e30ea5a877f5e89b28d2ba",
                "sha256:eacb79625323d9f7e7925366b917f492b8356fad58f5dc4fa12ff8c21d8f4ca9",
                "sha256:ec2b2ad00ab8c16a2798cc8db80c53c4d5b8b3a2441f6cbaef06625f5ca25854",
                "sha256:ec9689392f7494ff4e3f8e7e8522f9158f11023f337eaaf04a64542fc45bbf26",
                "sha256:ecd1638b1c2db1f2d01c182a4b0d3e2e88b0e99910320a745c1727ee3638ddab",
                "sha256:ed7b30185ee3f8b9b053b0be567b4d226016e2afbebc17fde1c6a4580937b688",
                "sha256:ede8d8e53b6dde0a50f7eca902f0af76d87ab02a55aba7542da68ae3e5dfe83d",
                "sha256:f1758df6fdd8c800620a5638958720e8a635e1da49a2f09df2dd63e94a24ec4a",
                "sha256:f1da438e739765c3e85175ede05816cbede3caaacb1e0680568bda6119bfdfca",
                "sha256:f5561e47bbe2b75373b695326507743fcdd4d2cc7f5022312024ccf39fa094e0",
                "sha256:f5fbaef40c3e9282ccee4b075f5600a0d858aa0c34147732f1baa69c8188a95d",
                "sha256:f6710f512c57b84f127a23d0f59560a03b64136eff419ae1be5ab557577fe5e3",
                "sha256:f74675ab76ab1d005ffba4dee308e53e89efc22be6e9f9fae5b539a3f81bdff2",
                "sha256:f7c032b0c8a73739ff8ff1aaf30c281fa19c17bf7f1543256c8507390db7807c",
                "sha256:fbd2ded482bf99e6651992bbfcde460272724d4bbc49ef3d6b46d9312867ec84",
                "sha256:fc1eddc25ad23c0f1344ab280d961ac595ead48292d7c779497975942373f493",
                "sha256:ff0f41a00f23ea5054acb61901380c41813d813eee3f80f800995710bcc52ecd"
            ],
            "markers": "python_version >= '3.10'",
            "version": "==2026.6.28"
        }
    }
}
